// !$*UTF8*$!
{
	archiveVersion = 1;
	classes = {
	};
	objectVersion = 46;
	objects = {

/* Begin PBXBuildFile section */
		260492521AAC360B0005DDA4 /* main.m in Sources */ = {isa = PBXBuildFile; fileRef = 260492511AAC360B0005DDA4 /* main.m */; };
		260492551AAC360B0005DDA4 /* AppDelegate.m in Sources */ = {isa = PBXBuildFile; fileRef = 260492541AAC360B0005DDA4 /* AppDelegate.m */; };
		260492581AAC360B0005DDA4 /* Welcome.m in Sources */ = {isa = PBXBuildFile; fileRef = 260492571AAC360B0005DDA4 /* Welcome.m */; };
		2604925B1AAC360B0005DDA4 /* Main.storyboard in Resources */ = {isa = PBXBuildFile; fileRef = 260492591AAC360B0005DDA4 /* Main.storyboard */; };
		2604925D1AAC360B0005DDA4 /* Images.xcassets in Resources */ = {isa = PBXBuildFile; fileRef = 2604925C1AAC360B0005DDA4 /* Images.xcassets */; };
		260492601AAC360B0005DDA4 /* LaunchScreen.xib in Resources */ = {isa = PBXBuildFile; fileRef = 2604925E1AAC360B0005DDA4 /* LaunchScreen.xib */; };
		2604926C1AAC360B0005DDA4 /* JaYinetTests.m in Sources */ = {isa = PBXBuildFile; fileRef = 2604926B1AAC360B0005DDA4 /* JaYinetTests.m */; };
		260492C31AAD56830005DDA4 /* libsqlite3.dylib in Frameworks */ = {isa = PBXBuildFile; fileRef = 260492C21AAD56830005DDA4 /* libsqlite3.dylib */; };
		260492DF1AAD589B0005DDA4 /* Bolts.framework in Frameworks */ = {isa = PBXBuildFile; fileRef = 260492C51AAD589B0005DDA4 /* Bolts.framework */; };
		260492E01AAD589B0005DDA4 /* Parse.framework in Frameworks */ = {isa = PBXBuildFile; fileRef = 260492C61AAD589B0005DDA4 /* Parse.framework */; };
		260492E11AAD589B0005DDA4 /* ParseCrashReporting.framework in Frameworks */ = {isa = PBXBuildFile; fileRef = 260492C71AAD589B0005DDA4 /* ParseCrashReporting.framework */; };
		260492E21AAD589B0005DDA4 /* ParseFacebookUtils.framework in Frameworks */ = {isa = PBXBuildFile; fileRef = 260492C81AAD589B0005DDA4 /* ParseFacebookUtils.framework */; };
		260492EE1AAD589B0005DDA4 /* ParseUI.framework in Frameworks */ = {isa = PBXBuildFile; fileRef = 260492DE1AAD589B0005DDA4 /* ParseUI.framework */; };
		260492F31AAD58FF0005DDA4 /* CoreLocation.framework in Frameworks */ = {isa = PBXBuildFile; fileRef = 260492F21AAD58FF0005DDA4 /* CoreLocation.framework */; };
		260492F51AAD59300005DDA4 /* libstdc++.6.dylib in Frameworks */ = {isa = PBXBuildFile; fileRef = 260492F41AAD59300005DDA4 /* libstdc++.6.dylib */; };
		260492F71AAD59B20005DDA4 /* libz.1.1.3.dylib in Frameworks */ = {isa = PBXBuildFile; fileRef = 260492F61AAD59B20005DDA4 /* libz.1.1.3.dylib */; };
		260492F91AAD59F20005DDA4 /* StoreKit.framework in Frameworks */ = {isa = PBXBuildFile; fileRef = 260492F81AAD59F20005DDA4 /* StoreKit.framework */; };
		260492FB1AAD5A030005DDA4 /* CoreGraphics.framework in Frameworks */ = {isa = PBXBuildFile; fileRef = 260492FA1AAD5A030005DDA4 /* CoreGraphics.framework */; };
		260492FD1AAD5A130005DDA4 /* QuartzCore.framework in Frameworks */ = {isa = PBXBuildFile; fileRef = 260492FC1AAD5A130005DDA4 /* QuartzCore.framework */; };
		260492FF1AAD5A210005DDA4 /* Security.framework in Frameworks */ = {isa = PBXBuildFile; fileRef = 260492FE1AAD5A210005DDA4 /* Security.framework */; };
		260493011AAD646E0005DDA4 /* AudioToolbox.framework in Frameworks */ = {isa = PBXBuildFile; fileRef = 260493001AAD646E0005DDA4 /* AudioToolbox.framework */; };
		260493031AAD64850005DDA4 /* MobileCoreServices.framework in Frameworks */ = {isa = PBXBuildFile; fileRef = 260493021AAD64850005DDA4 /* MobileCoreServices.framework */; };
		260493051AAD64AC0005DDA4 /* SystemConfiguration.framework in Frameworks */ = {isa = PBXBuildFile; fileRef = 260493041AAD64AC0005DDA4 /* SystemConfiguration.framework */; };
		260493071AAD65060005DDA4 /* CFNetwork.framework in Frameworks */ = {isa = PBXBuildFile; fileRef = 260493061AAD65060005DDA4 /* CFNetwork.framework */; };
		260493091AAD651D0005DDA4 /* UIKit.framework in Frameworks */ = {isa = PBXBuildFile; fileRef = 260493081AAD651D0005DDA4 /* UIKit.framework */; };
		2604930B1AAD65290005DDA4 /* Foundation.framework in Frameworks */ = {isa = PBXBuildFile; fileRef = 2604930A1AAD65290005DDA4 /* Foundation.framework */; };
		2604930F1AAD82D60005DDA4 /* ViewRegistro.m in Sources */ = {isa = PBXBuildFile; fileRef = 2604930E1AAD82D60005DDA4 /* ViewRegistro.m */; };
		2678202C1AAEE6D6000065A4 /* ViewBuscaPaciente.m in Sources */ = {isa = PBXBuildFile; fileRef = 2678202B1AAEE6D6000065A4 /* ViewBuscaPaciente.m */; };
		2678202F1AAEE778000065A4 /* ViewEstado.m in Sources */ = {isa = PBXBuildFile; fileRef = 2678202E1AAEE778000065A4 /* ViewEstado.m */; };
		267820321AAEE994000065A4 /* ViewHistorial.m in Sources */ = {isa = PBXBuildFile; fileRef = 267820311AAEE994000065A4 /* ViewHistorial.m */; };
		26CA0E4B1AB6542F0029D190 /* ViewSesion.m in Sources */ = {isa = PBXBuildFile; fileRef = 26CA0E4A1AB6542F0029D190 /* ViewSesion.m */; };
		26CA0E4E1AB6AD3E0029D190 /* Bolts.framework in Frameworks */ = {isa = PBXBuildFile; fileRef = 26CA0E4C1AB6AD3E0029D190 /* Bolts.framework */; };
		26CA0E4F1AB6AD3E0029D190 /* Parse.framework in Frameworks */ = {isa = PBXBuildFile; fileRef = 26CA0E4D1AB6AD3E0029D190 /* Parse.framework */; };
		26CA0E521AB773B10029D190 /* ViewMenu.m in Sources */ = {isa = PBXBuildFile; fileRef = 26CA0E511AB773B10029D190 /* ViewMenu.m */; };
		26CA0E551AB77BF00029D190 /* ViewConsultarPaciente.m in Sources */ = {isa = PBXBuildFile; fileRef = 26CA0E541AB77BF00029D190 /* ViewConsultarPaciente.m */; };
		26CA0E581AB7809F0029D190 /* ViewHistorialPaciente.m in Sources */ = {isa = PBXBuildFile; fileRef = 26CA0E571AB7809F0029D190 /* ViewHistorialPaciente.m */; };
		26CA0E5B1AB780CE0029D190 /* ViewRegistroResponsable.m in Sources */ = {isa = PBXBuildFile; fileRef = 26CA0E5A1AB780CE0029D190 /* ViewRegistroResponsable.m */; };
		26CC5D731ACA93A100355904 /* cellHist.m in Sources */ = {isa = PBXBuildFile; fileRef = 26CC5D721ACA93A100355904 /* cellHist.m */; };
		26CC5D771ACA98CF00355904 /* ListaHistorialController.m in Sources */ = {isa = PBXBuildFile; fileRef = 26CC5D761ACA98CF00355904 /* ListaHistorialController.m */; };
		26EDD90B1AC9051D00D0E247 /* cell.m in Sources */ = {isa = PBXBuildFile; fileRef = 26EDD90A1AC9051D00D0E247 /* cell.m */; };
/* End PBXBuildFile section */

/* Begin PBXContainerItemProxy section */
		260492661AAC360B0005DDA4 /* PBXContainerItemProxy */ = {
			isa = PBXContainerItemProxy;
			containerPortal = 260492441AAC360B0005DDA4 /* Project object */;
			proxyType = 1;
			remoteGlobalIDString = 2604924B1AAC360B0005DDA4;
			remoteInfo = JaYinet;
		};
/* End PBXContainerItemProxy section */

/* Begin PBXFileReference section */
		2604924C1AAC360B0005DDA4 /* JaYinet.app */ = {isa = PBXFileReference; explicitFileType = wrapper.application; includeInIndex = 0; path = JaYinet.app; sourceTree = BUILT_PRODUCTS_DIR; };
		260492501AAC360B0005DDA4 /* Info.plist */ = {isa = PBXFileReference; lastKnownFileType = text.plist.xml; path = Info.plist; sourceTree = "<group>"; };
		260492511AAC360B0005DDA4 /* main.m */ = {isa = PBXFileReference; lastKnownFileType = sourcecode.c.objc; path = main.m; sourceTree = "<group>"; };
		260492531AAC360B0005DDA4 /* AppDelegate.h */ = {isa = PBXFileReference; lastKnownFileType = sourcecode.c.h; path = AppDelegate.h; sourceTree = "<group>"; };
		260492541AAC360B0005DDA4 /* AppDelegate.m */ = {isa = PBXFileReference; lastKnownFileType = sourcecode.c.objc; path = AppDelegate.m; sourceTree = "<group>"; };
		260492561AAC360B0005DDA4 /* Welcome.h */ = {isa = PBXFileReference; lastKnownFileType = sourcecode.c.h; path = Welcome.h; sourceTree = "<group>"; };
		260492571AAC360B0005DDA4 /* Welcome.m */ = {isa = PBXFileReference; lastKnownFileType = sourcecode.c.objc; path = Welcome.m; sourceTree = "<group>"; };
		2604925A1AAC360B0005DDA4 /* Base */ = {isa = PBXFileReference; lastKnownFileType = file.storyboard; name = Base; path = Base.lproj/Main.storyboard; sourceTree = "<group>"; };
		2604925C1AAC360B0005DDA4 /* Images.xcassets */ = {isa = PBXFileReference; lastKnownFileType = folder.assetcatalog; path = Images.xcassets; sourceTree = "<group>"; };
		2604925F1AAC360B0005DDA4 /* Base */ = {isa = PBXFileReference; lastKnownFileType = file.xib; name = Base; path = Base.lproj/LaunchScreen.xib; sourceTree = "<group>"; };
		260492651AAC360B0005DDA4 /* JaYinetTests.xctest */ = {isa = PBXFileReference; explicitFileType = wrapper.cfbundle; includeInIndex = 0; path = JaYinetTests.xctest; sourceTree = BUILT_PRODUCTS_DIR; };
		2604926A1AAC360B0005DDA4 /* Info.plist */ = {isa = PBXFileReference; lastKnownFileType = text.plist.xml; path = Info.plist; sourceTree = "<group>"; };
		2604926B1AAC360B0005DDA4 /* JaYinetTests.m */ = {isa = PBXFileReference; lastKnownFileType = sourcecode.c.objc; path = JaYinetTests.m; sourceTree = "<group>"; };
		260492C21AAD56830005DDA4 /* libsqlite3.dylib */ = {isa = PBXFileReference; lastKnownFileType = "compiled.mach-o.dylib"; name = libsqlite3.dylib; path = usr/lib/libsqlite3.dylib; sourceTree = SDKROOT; };
		260492C51AAD589B0005DDA4 /* Bolts.framework */ = {isa = PBXFileReference; lastKnownFileType = wrapper.framework; path = Bolts.framework; sourceTree = "<group>"; };
		260492C61AAD589B0005DDA4 /* Parse.framework */ = {isa = PBXFileReference; lastKnownFileType = wrapper.framework; path = Parse.framework; sourceTree = "<group>"; };
		260492C71AAD589B0005DDA4 /* ParseCrashReporting.framework */ = {isa = PBXFileReference; lastKnownFileType = wrapper.framework; path = ParseCrashReporting.framework; sourceTree = "<group>"; };
		260492C81AAD589B0005DDA4 /* ParseFacebookUtils.framework */ = {isa = PBXFileReference; lastKnownFileType = wrapper.framework; path = ParseFacebookUtils.framework; sourceTree = "<group>"; };
		260492DE1AAD589B0005DDA4 /* ParseUI.framework */ = {isa = PBXFileReference; lastKnownFileType = wrapper.framework; path = ParseUI.framework; sourceTree = "<group>"; };
		260492F21AAD58FF0005DDA4 /* CoreLocation.framework */ = {isa = PBXFileReference; lastKnownFileType = wrapper.framework; name = CoreLocation.framework; path = System/Library/Frameworks/CoreLocation.framework; sourceTree = SDKROOT; };
		260492F41AAD59300005DDA4 /* libstdc++.6.dylib */ = {isa = PBXFileReference; lastKnownFileType = "compiled.mach-o.dylib"; name = "libstdc++.6.dylib"; path = "usr/lib/libstdc++.6.dylib"; sourceTree = SDKROOT; };
		260492F61AAD59B20005DDA4 /* libz.1.1.3.dylib */ = {isa = PBXFileReference; lastKnownFileType = "compiled.mach-o.dylib"; name = libz.1.1.3.dylib; path = usr/lib/libz.1.1.3.dylib; sourceTree = SDKROOT; };
		260492F81AAD59F20005DDA4 /* StoreKit.framework */ = {isa = PBXFileReference; lastKnownFileType = wrapper.framework; name = StoreKit.framework; path = System/Library/Frameworks/StoreKit.framework; sourceTree = SDKROOT; };
		260492FA1AAD5A030005DDA4 /* CoreGraphics.framework */ = {isa = PBXFileReference; lastKnownFileType = wrapper.framework; name = CoreGraphics.framework; path = System/Library/Frameworks/CoreGraphics.framework; sourceTree = SDKROOT; };
		260492FC1AAD5A130005DDA4 /* QuartzCore.framework */ = {isa = PBXFileReference; lastKnownFileType = wrapper.framework; name = QuartzCore.framework; path = System/Library/Frameworks/QuartzCore.framework; sourceTree = SDKROOT; };
		260492FE1AAD5A210005DDA4 /* Security.framework */ = {isa = PBXFileReference; lastKnownFileType = wrapper.framework; name = Security.framework; path = System/Library/Frameworks/Security.framework; sourceTree = SDKROOT; };
		260493001AAD646E0005DDA4 /* AudioToolbox.framework */ = {isa = PBXFileReference; lastKnownFileType = wrapper.framework; name = AudioToolbox.framework; path = System/Library/Frameworks/AudioToolbox.framework; sourceTree = SDKROOT; };
		260493021AAD64850005DDA4 /* MobileCoreServices.framework */ = {isa = PBXFileReference; lastKnownFileType = wrapper.framework; name = MobileCoreServices.framework; path = System/Library/Frameworks/MobileCoreServices.framework; sourceTree = SDKROOT; };
		260493041AAD64AC0005DDA4 /* SystemConfiguration.framework */ = {isa = PBXFileReference; lastKnownFileType = wrapper.framework; name = SystemConfiguration.framework; path = System/Library/Frameworks/SystemConfiguration.framework; sourceTree = SDKROOT; };
		260493061AAD65060005DDA4 /* CFNetwork.framework */ = {isa = PBXFileReference; lastKnownFileType = wrapper.framework; name = CFNetwork.framework; path = System/Library/Frameworks/CFNetwork.framework; sourceTree = SDKROOT; };
		260493081AAD651D0005DDA4 /* UIKit.framework */ = {isa = PBXFileReference; lastKnownFileType = wrapper.framework; name = UIKit.framework; path = System/Library/Frameworks/UIKit.framework; sourceTree = SDKROOT; };
		2604930A1AAD65290005DDA4 /* Foundation.framework */ = {isa = PBXFileReference; lastKnownFileType = wrapper.framework; name = Foundation.framework; path = System/Library/Frameworks/Foundation.framework; sourceTree = SDKROOT; };
		2604930D1AAD82D60005DDA4 /* ViewRegistro.h */ = {isa = PBXFileReference; fileEncoding = 4; lastKnownFileType = sourcecode.c.h; path = ViewRegistro.h; sourceTree = "<group>"; };
		2604930E1AAD82D60005DDA4 /* ViewRegistro.m */ = {isa = PBXFileReference; fileEncoding = 4; lastKnownFileType = sourcecode.c.objc; path = ViewRegistro.m; sourceTree = "<group>"; };
		2678202A1AAEE6D6000065A4 /* ViewBuscaPaciente.h */ = {isa = PBXFileReference; fileEncoding = 4; lastKnownFileType = sourcecode.c.h; path = ViewBuscaPaciente.h; sourceTree = "<group>"; };
		2678202B1AAEE6D6000065A4 /* ViewBuscaPaciente.m */ = {isa = PBXFileReference; fileEncoding = 4; lastKnownFileType = sourcecode.c.objc; path = ViewBuscaPaciente.m; sourceTree = "<group>"; };
		2678202D1AAEE778000065A4 /* ViewEstado.h */ = {isa = PBXFileReference; fileEncoding = 4; lastKnownFileType = sourcecode.c.h; path = ViewEstado.h; sourceTree = "<group>"; };
		2678202E1AAEE778000065A4 /* ViewEstado.m */ = {isa = PBXFileReference; fileEncoding = 4; lastKnownFileType = sourcecode.c.objc; path = ViewEstado.m; sourceTree = "<group>"; };
		267820301AAEE994000065A4 /* ViewHistorial.h */ = {isa = PBXFileReference; fileEncoding = 4; lastKnownFileType = sourcecode.c.h; path = ViewHistorial.h; sourceTree = "<group>"; };
		267820311AAEE994000065A4 /* ViewHistorial.m */ = {isa = PBXFileReference; fileEncoding = 4; lastKnownFileType = sourcecode.c.objc; path = ViewHistorial.m; sourceTree = "<group>"; };
		26CA0E491AB6542F0029D190 /* ViewSesion.h */ = {isa = PBXFileReference; fileEncoding = 4; lastKnownFileType = sourcecode.c.h; path = ViewSesion.h; sourceTree = "<group>"; };
		26CA0E4A1AB6542F0029D190 /* ViewSesion.m */ = {isa = PBXFileReference; fileEncoding = 4; lastKnownFileType = sourcecode.c.objc; path = ViewSesion.m; sourceTree = "<group>"; };
		26CA0E4C1AB6AD3E0029D190 /* Bolts.framework */ = {isa = PBXFileReference; lastKnownFileType = wrapper.framework; path = Bolts.framework; sourceTree = "<group>"; };
		26CA0E4D1AB6AD3E0029D190 /* Parse.framework */ = {isa = PBXFileReference; lastKnownFileType = wrapper.framework; path = Parse.framework; sourceTree = "<group>"; };
		26CA0E501AB773B10029D190 /* ViewMenu.h */ = {isa = PBXFileReference; fileEncoding = 4; lastKnownFileType = sourcecode.c.h; path = ViewMenu.h; sourceTree = "<group>"; };
		26CA0E511AB773B10029D190 /* ViewMenu.m */ = {isa = PBXFileReference; fileEncoding = 4; lastKnownFileType = sourcecode.c.objc; path = ViewMenu.m; sourceTree = "<group>"; };
		26CA0E531AB77BF00029D190 /* ViewConsultarPaciente.h */ = {isa = PBXFileReference; fileEncoding = 4; lastKnownFileType = sourcecode.c.h; path = ViewConsultarPaciente.h; sourceTree = "<group>"; };
		26CA0E541AB77BF00029D190 /* ViewConsultarPaciente.m */ = {isa = PBXFileReference; fileEncoding = 4; lastKnownFileType = sourcecode.c.objc; path = ViewConsultarPaciente.m; sourceTree = "<group>"; };
		26CA0E561AB7809F0029D190 /* ViewHistorialPaciente.h */ = {isa = PBXFileReference; fileEncoding = 4; lastKnownFileType = sourcecode.c.h; path = ViewHistorialPaciente.h; sourceTree = "<group>"; };
		26CA0E571AB7809F0029D190 /* ViewHistorialPaciente.m */ = {isa = PBXFileReference; fileEncoding = 4; lastKnownFileType = sourcecode.c.objc; path = ViewHistorialPaciente.m; sourceTree = "<group>"; };
		26CA0E591AB780CE0029D190 /* ViewRegistroResponsable.h */ = {isa = PBXFileReference; fileEncoding = 4; lastKnownFileType = sourcecode.c.h; path = ViewRegistroResponsable.h; sourceTree = "<group>"; };
		26CA0E5A1AB780CE0029D190 /* ViewRegistroResponsable.m */ = {isa = PBXFileReference; fileEncoding = 4; lastKnownFileType = sourcecode.c.objc; path = ViewRegistroResponsable.m; sourceTree = "<group>"; };
		26CC5D711ACA93A100355904 /* cellHist.h */ = {isa = PBXFileReference; fileEncoding = 4; lastKnownFileType = sourcecode.c.h; path = cellHist.h; sourceTree = "<group>"; };
		26CC5D721ACA93A100355904 /* cellHist.m */ = {isa = PBXFileReference; fileEncoding = 4; lastKnownFileType = sourcecode.c.objc; path = cellHist.m; sourceTree = "<group>"; };
		26CC5D751ACA98CF00355904 /* ListaHistorialController.h */ = {isa = PBXFileReference; fileEncoding = 4; lastKnownFileType = sourcecode.c.h; path = ListaHistorialController.h; sourceTree = "<group>"; };
		26CC5D761ACA98CF00355904 /* ListaHistorialController.m */ = {isa = PBXFileReference; fileEncoding = 4; lastKnownFileType = sourcecode.c.objc; path = ListaHistorialController.m; sourceTree = "<group>"; };
		26EDD9091AC9051D00D0E247 /* cell.h */ = {isa = PBXFileReference; fileEncoding = 4; lastKnownFileType = sourcecode.c.h; path = cell.h; sourceTree = "<group>"; };
		26EDD90A1AC9051D00D0E247 /* cell.m */ = {isa = PBXFileReference; fileEncoding = 4; lastKnownFileType = sourcecode.c.objc; path = cell.m; sourceTree = "<group>"; };
/* End PBXFileReference section */

/* Begin PBXFrameworksBuildPhase section */
		260492491AAC360B0005DDA4 /* Frameworks */ = {
			isa = PBXFrameworksBuildPhase;
			buildActionMask = 2147483647;
			files = (
				260493011AAD646E0005DDA4 /* AudioToolbox.framework in Frameworks */,
				2604930B1AAD65290005DDA4 /* Foundation.framework in Frameworks */,
				260493091AAD651D0005DDA4 /* UIKit.framework in Frameworks */,
				260493071AAD65060005DDA4 /* CFNetwork.framework in Frameworks */,
				260493051AAD64AC0005DDA4 /* SystemConfiguration.framework in Frameworks */,
				260493031AAD64850005DDA4 /* MobileCoreServices.framework in Frameworks */,
				260492FF1AAD5A210005DDA4 /* Security.framework in Frameworks */,
				260492FD1AAD5A130005DDA4 /* QuartzCore.framework in Frameworks */,
				260492FB1AAD5A030005DDA4 /* CoreGraphics.framework in Frameworks */,
				260492F91AAD59F20005DDA4 /* StoreKit.framework in Frameworks */,
				26CA0E4F1AB6AD3E0029D190 /* Parse.framework in Frameworks */,
				260492F71AAD59B20005DDA4 /* libz.1.1.3.dylib in Frameworks */,
				260492F51AAD59300005DDA4 /* libstdc++.6.dylib in Frameworks */,
				260492F31AAD58FF0005DDA4 /* CoreLocation.framework in Frameworks */,
				260492EE1AAD589B0005DDA4 /* ParseUI.framework in Frameworks */,
				260492C31AAD56830005DDA4 /* libsqlite3.dylib in Frameworks */,
				26CA0E4E1AB6AD3E0029D190 /* Bolts.framework in Frameworks */,
				260492E01AAD589B0005DDA4 /* Parse.framework in Frameworks */,
				260492DF1AAD589B0005DDA4 /* Bolts.framework in Frameworks */,
				260492E21AAD589B0005DDA4 /* ParseFacebookUtils.framework in Frameworks */,
				260492E11AAD589B0005DDA4 /* ParseCrashReporting.framework in Frameworks */,
			);
			runOnlyForDeploymentPostprocessing = 0;
		};
		260492621AAC360B0005DDA4 /* Frameworks */ = {
			isa = PBXFrameworksBuildPhase;
			buildActionMask = 2147483647;
			files = (
			);
			runOnlyForDeploymentPostprocessing = 0;
		};
/* End PBXFrameworksBuildPhase section */

/* Begin PBXGroup section */
		260492431AAC360B0005DDA4 = {
			isa = PBXGroup;
			children = (
				26CC5D741ACA989F00355904 /* Paciente */,
				26EDD90C1AC9052F00D0E247 /* Customized */,
				2604930C1AAD65A10005DDA4 /* Framework */,
				260492C41AAD589B0005DDA4 /* ParseStarterProject */,
				2604924E1AAC360B0005DDA4 /* JaYinet */,
				260492681AAC360B0005DDA4 /* JaYinetTests */,
				2604924D1AAC360B0005DDA4 /* Products */,
			);
			sourceTree = "<group>";
		};
		2604924D1AAC360B0005DDA4 /* Products */ = {
			isa = PBXGroup;
			children = (
				2604924C1AAC360B0005DDA4 /* JaYinet.app */,
				260492651AAC360B0005DDA4 /* JaYinetTests.xctest */,
			);
			name = Products;
			sourceTree = "<group>";
		};
		2604924E1AAC360B0005DDA4 /* JaYinet */ = {
			isa = PBXGroup;
			children = (
				267820301AAEE994000065A4 /* ViewHistorial.h */,
				267820311AAEE994000065A4 /* ViewHistorial.m */,
				2678202D1AAEE778000065A4 /* ViewEstado.h */,
				2678202E1AAEE778000065A4 /* ViewEstado.m */,
				2678202A1AAEE6D6000065A4 /* ViewBuscaPaciente.h */,
				2678202B1AAEE6D6000065A4 /* ViewBuscaPaciente.m */,
				2604930D1AAD82D60005DDA4 /* ViewRegistro.h */,
				2604930E1AAD82D60005DDA4 /* ViewRegistro.m */,
				260492531AAC360B0005DDA4 /* AppDelegate.h */,
				260492541AAC360B0005DDA4 /* AppDelegate.m */,
				260492561AAC360B0005DDA4 /* Welcome.h */,
				260492571AAC360B0005DDA4 /* Welcome.m */,
				26CA0E491AB6542F0029D190 /* ViewSesion.h */,
				26CA0E4A1AB6542F0029D190 /* ViewSesion.m */,
				26CA0E501AB773B10029D190 /* ViewMenu.h */,
				26CA0E511AB773B10029D190 /* ViewMenu.m */,
				26CA0E531AB77BF00029D190 /* ViewConsultarPaciente.h */,
				26CA0E541AB77BF00029D190 /* ViewConsultarPaciente.m */,
				26CA0E561AB7809F0029D190 /* ViewHistorialPaciente.h */,
				26CA0E571AB7809F0029D190 /* ViewHistorialPaciente.m */,
				26CA0E591AB780CE0029D190 /* ViewRegistroResponsable.h */,
				26CA0E5A1AB780CE0029D190 /* ViewRegistroResponsable.m */,
				260492591AAC360B0005DDA4 /* Main.storyboard */,
				2604925C1AAC360B0005DDA4 /* Images.xcassets */,
				2604925E1AAC360B0005DDA4 /* LaunchScreen.xib */,
				2604924F1AAC360B0005DDA4 /* Supporting Files */,
			);
			path = JaYinet;
			sourceTree = "<group>";
		};
		2604924F1AAC360B0005DDA4 /* Supporting Files */ = {
			isa = PBXGroup;
			children = (
				260492501AAC360B0005DDA4 /* Info.plist */,
				260492511AAC360B0005DDA4 /* main.m */,
			);
			name = "Supporting Files";
			sourceTree = "<group>";
		};
		260492681AAC360B0005DDA4 /* JaYinetTests */ = {
			isa = PBXGroup;
			children = (
				2604926B1AAC360B0005DDA4 /* JaYinetTests.m */,
				260492691AAC360B0005DDA4 /* Supporting Files */,
			);
			path = JaYinetTests;
			sourceTree = "<group>";
		};
		260492691AAC360B0005DDA4 /* Supporting Files */ = {
			isa = PBXGroup;
			children = (
				2604926A1AAC360B0005DDA4 /* Info.plist */,
			);
			name = "Supporting Files";
			sourceTree = "<group>";
		};
		260492C41AAD589B0005DDA4 /* ParseStarterProject */ = {
			isa = PBXGroup;
			children = (
				260492C51AAD589B0005DDA4 /* Bolts.framework */,
				260492C61AAD589B0005DDA4 /* Parse.framework */,
				260492C71AAD589B0005DDA4 /* ParseCrashReporting.framework */,
				260492C81AAD589B0005DDA4 /* ParseFacebookUtils.framework */,
				260492DE1AAD589B0005DDA4 /* ParseUI.framework */,
			);
			path = ParseStarterProject;
			sourceTree = "<group>";
		};
		2604930C1AAD65A10005DDA4 /* Framework */ = {
			isa = PBXGroup;
			children = (
				26CA0E4D1AB6AD3E0029D190 /* Parse.framework */,
				26CA0E4C1AB6AD3E0029D190 /* Bolts.framework */,
				260492C21AAD56830005DDA4 /* libsqlite3.dylib */,
				260492F21AAD58FF0005DDA4 /* CoreLocation.framework */,
				260492F61AAD59B20005DDA4 /* libz.1.1.3.dylib */,
				260492F41AAD59300005DDA4 /* libstdc++.6.dylib */,
				260492F81AAD59F20005DDA4 /* StoreKit.framework */,
				260492FA1AAD5A030005DDA4 /* CoreGraphics.framework */,
				260492FC1AAD5A130005DDA4 /* QuartzCore.framework */,
				260492FE1AAD5A210005DDA4 /* Security.framework */,
				260493001AAD646E0005DDA4 /* AudioToolbox.framework */,
				260493021AAD64850005DDA4 /* MobileCoreServices.framework */,
				260493041AAD64AC0005DDA4 /* SystemConfiguration.framework */,
				260493061AAD65060005DDA4 /* CFNetwork.framework */,
				260493081AAD651D0005DDA4 /* UIKit.framework */,
				2604930A1AAD65290005DDA4 /* Foundation.framework */,
			);
			name = Framework;
			sourceTree = "<group>";
		};
		26CC5D741ACA989F00355904 /* Paciente */ = {
			isa = PBXGroup;
			children = (
				26CC5D751ACA98CF00355904 /* ListaHistorialController.h */,
				26CC5D761ACA98CF00355904 /* ListaHistorialController.m */,
			);
			name = Paciente;
			sourceTree = "<group>";
		};
		26EDD90C1AC9052F00D0E247 /* Customized */ = {
			isa = PBXGroup;
			children = (
				26CC5D711ACA93A100355904 /* cellHist.h */,
				26CC5D721ACA93A100355904 /* cellHist.m */,
				26EDD9091AC9051D00D0E247 /* cell.h */,
				26EDD90A1AC9051D00D0E247 /* cell.m */,
			);
			name = Customized;
			sourceTree = "<group>";
		};
/* End PBXGroup section */

/* Begin PBXNativeTarget section */
		2604924B1AAC360B0005DDA4 /* JaYinet */ = {
			isa = PBXNativeTarget;
			buildConfigurationList = 2604926F1AAC360B0005DDA4 /* Build configuration list for PBXNativeTarget "JaYinet" */;
			buildPhases = (
				260492481AAC360B0005DDA4 /* Sources */,
				260492491AAC360B0005DDA4 /* Frameworks */,
				2604924A1AAC360B0005DDA4 /* Resources */,
			);
			buildRules = (
			);
			dependencies = (
			);
			name = JaYinet;
			productName = JaYinet;
			productReference = 2604924C1AAC360B0005DDA4 /* JaYinet.app */;
			productType = "com.apple.product-type.application";
		};
		260492641AAC360B0005DDA4 /* JaYinetTests */ = {
			isa = PBXNativeTarget;
			buildConfigurationList = 260492721AAC360C0005DDA4 /* Build configuration list for PBXNativeTarget "JaYinetTests" */;
			buildPhases = (
				260492611AAC360B0005DDA4 /* Sources */,
				260492621AAC360B0005DDA4 /* Frameworks */,
				260492631AAC360B0005DDA4 /* Resources */,
			);
			buildRules = (
			);
			dependencies = (
				260492671AAC360B0005DDA4 /* PBXTargetDependency */,
			);
			name = JaYinetTests;
			productName = JaYinetTests;
			productReference = 260492651AAC360B0005DDA4 /* JaYinetTests.xctest */;
			productType = "com.apple.product-type.bundle.unit-test";
		};
/* End PBXNativeTarget section */

/* Begin PBXProject section */
		260492441AAC360B0005DDA4 /* Project object */ = {
			isa = PBXProject;
			attributes = {
				LastUpgradeCheck = 0610;
				ORGANIZATIONNAME = "Elizabeth Martínez Gómez";
				TargetAttributes = {
					2604924B1AAC360B0005DDA4 = {
						CreatedOnToolsVersion = 6.1.1;
						DevelopmentTeam = QXF33N93KH;
					};
					260492641AAC360B0005DDA4 = {
						CreatedOnToolsVersion = 6.1.1;
						TestTargetID = 2604924B1AAC360B0005DDA4;
					};
				};
			};
			buildConfigurationList = 260492471AAC360B0005DDA4 /* Build configuration list for PBXProject "JaYinet" */;
			compatibilityVersion = "Xcode 3.2";
			developmentRegion = English;
			hasScannedForEncodings = 0;
			knownRegions = (
				en,
				Base,
			);
			mainGroup = 260492431AAC360B0005DDA4;
			productRefGroup = 2604924D1AAC360B0005DDA4 /* Products */;
			projectDirPath = "";
			projectRoot = "";
			targets = (
				2604924B1AAC360B0005DDA4 /* JaYinet */,
				260492641AAC360B0005DDA4 /* JaYinetTests */,
			);
		};
/* End PBXProject section */

/* Begin PBXResourcesBuildPhase section */
		2604924A1AAC360B0005DDA4 /* Resources */ = {
			isa = PBXResourcesBuildPhase;
			buildActionMask = 2147483647;
			files = (
				2604925B1AAC360B0005DDA4 /* Main.storyboard in Resources */,
				260492601AAC360B0005DDA4 /* LaunchScreen.xib in Resources */,
				2604925D1AAC360B0005DDA4 /* Images.xcassets in Resources */,
			);
			runOnlyForDeploymentPostprocessing = 0;
		};
		260492631AAC360B0005DDA4 /* Resources */ = {
			isa = PBXResourcesBuildPhase;
			buildActionMask = 2147483647;
			files = (
			);
			runOnlyForDeploymentPostprocessing = 0;
		};
/* End PBXResourcesBuildPhase section */

/* Begin PBXSourcesBuildPhase section */
		260492481AAC360B0005DDA4 /* Sources */ = {
			isa = PBXSourcesBuildPhase;
			buildActionMask = 2147483647;
			files = (
				26EDD90B1AC9051D00D0E247 /* cell.m in Sources */,
				2678202F1AAEE778000065A4 /* ViewEstado.m in Sources */,
				26CC5D731ACA93A100355904 /* cellHist.m in Sources */,
				26CA0E551AB77BF00029D190 /* ViewConsultarPaciente.m in Sources */,
				26CC5D771ACA98CF00355904 /* ListaHistorialController.m in Sources */,
				260492581AAC360B0005DDA4 /* Welcome.m in Sources */,
				2678202C1AAEE6D6000065A4 /* ViewBuscaPaciente.m in Sources */,
				26CA0E4B1AB6542F0029D190 /* ViewSesion.m in Sources */,
				26CA0E521AB773B10029D190 /* ViewMenu.m in Sources */,
				260492551AAC360B0005DDA4 /* AppDelegate.m in Sources */,
				260492521AAC360B0005DDA4 /* main.m in Sources */,
				26CA0E5B1AB780CE0029D190 /* ViewRegistroResponsable.m in Sources */,
				267820321AAEE994000065A4 /* ViewHistorial.m in Sources */,
				2604930F1AAD82D60005DDA4 /* ViewRegistro.m in Sources */,
				26CA0E581AB7809F0029D190 /* ViewHistorialPaciente.m in Sources */,
			);
			runOnlyForDeploymentPostprocessing = 0;
		};
		260492611AAC360B0005DDA4 /* Sources */ = {
			isa = PBXSourcesBuildPhase;
			buildActionMask = 2147483647;
			files = (
				2604926C1AAC360B0005DDA4 /* JaYinetTests.m in Sources */,
			);
			runOnlyForDeploymentPostprocessing = 0;
		};
/* End PBXSourcesBuildPhase section */

/* Begin PBXTargetDependency section */
		260492671AAC360B0005DDA4 /* PBXTargetDependency */ = {
			isa = PBXTargetDependency;
			target = 2604924B1AAC360B0005DDA4 /* JaYinet */;
			targetProxy = 260492661AAC360B0005DDA4 /* PBXContainerItemProxy */;
		};
/* End PBXTargetDependency section */

/* Begin PBXVariantGroup section */
		260492591AAC360B0005DDA4 /* Main.storyboard */ = {
			isa = PBXVariantGroup;
			children = (
				2604925A1AAC360B0005DDA4 /* Base */,
			);
			name = Main.storyboard;
			sourceTree = "<group>";
		};
		2604925E1AAC360B0005DDA4 /* LaunchScreen.xib */ = {
			isa = PBXVariantGroup;
			children = (
				2604925F1AAC360B0005DDA4 /* Base */,
			);
			name = LaunchScreen.xib;
			sourceTree = "<group>";
		};
/* End PBXVariantGroup section */

/* Begin XCBuildConfiguration section */
		2604926D1AAC360B0005DDA4 /* Debug */ = {
			isa = XCBuildConfiguration;
			buildSettings = {
				ALWAYS_SEARCH_USER_PATHS = NO;
				CLANG_CXX_LANGUAGE_STANDARD = "gnu++0x";
				CLANG_CXX_LIBRARY = "libc++";
				CLANG_ENABLE_MODULES = YES;
				CLANG_ENABLE_OBJC_ARC = YES;
				CLANG_WARN_BOOL_CONVERSION = YES;
				CLANG_WARN_CONSTANT_CONVERSION = YES;
				CLANG_WARN_DIRECT_OBJC_ISA_USAGE = YES_ERROR;
				CLANG_WARN_EMPTY_BODY = YES;
				CLANG_WARN_ENUM_CONVERSION = YES;
				CLANG_WARN_INT_CONVERSION = YES;
				CLANG_WARN_OBJC_ROOT_CLASS = YES_ERROR;
				CLANG_WARN_UNREACHABLE_CODE = YES;
				CLANG_WARN__DUPLICATE_METHOD_MATCH = YES;
				"CODE_SIGN_IDENTITY[sdk=iphoneos*]" = "iPhone Developer";
				COPY_PHASE_STRIP = NO;
				ENABLE_STRICT_OBJC_MSGSEND = YES;
				GCC_C_LANGUAGE_STANDARD = gnu99;
				GCC_DYNAMIC_NO_PIC = NO;
				GCC_OPTIMIZATION_LEVEL = 0;
				GCC_PREPROCESSOR_DEFINITIONS = (
					"DEBUG=1",
					"$(inherited)",
				);
				GCC_SYMBOLS_PRIVATE_EXTERN = NO;
				GCC_WARN_64_TO_32_BIT_CONVERSION = YES;
				GCC_WARN_ABOUT_RETURN_TYPE = YES_ERROR;
				GCC_WARN_UNDECLARED_SELECTOR = YES;
				GCC_WARN_UNINITIALIZED_AUTOS = YES_AGGRESSIVE;
				GCC_WARN_UNUSED_FUNCTION = YES;
				GCC_WARN_UNUSED_VARIABLE = YES;
				IPHONEOS_DEPLOYMENT_TARGET = 8.1;
				MTL_ENABLE_DEBUG_INFO = YES;
				ONLY_ACTIVE_ARCH = YES;
				PROVISIONING_PROFILE = "5cb5cf52-6f3b-40b9-a221-3c0d33716284";
				SDKROOT = iphoneos;
			};
			name = Debug;
		};
		2604926E1AAC360B0005DDA4 /* Release */ = {
			isa = XCBuildConfiguration;
			buildSettings = {
				ALWAYS_SEARCH_USER_PATHS = NO;
				CLANG_CXX_LANGUAGE_STANDARD = "gnu++0x";
				CLANG_CXX_LIBRARY = "libc++";
				CLANG_ENABLE_MODULES = YES;
				CLANG_ENABLE_OBJC_ARC = YES;
				CLANG_WARN_BOOL_CONVERSION = YES;
				CLANG_WARN_CONSTANT_CONVERSION = YES;
				CLANG_WARN_DIRECT_OBJC_ISA_USAGE = YES_ERROR;
				CLANG_WARN_EMPTY_BODY = YES;
				CLANG_WARN_ENUM_CONVERSION = YES;
				CLANG_WARN_INT_CONVERSION = YES;
				CLANG_WARN_OBJC_ROOT_CLASS = YES_ERROR;
				CLANG_WARN_UNREACHABLE_CODE = YES;
				CLANG_WARN__DUPLICATE_METHOD_MATCH = YES;
				"CODE_SIGN_IDENTITY[sdk=iphoneos*]" = "iPhone Developer";
				COPY_PHASE_STRIP = YES;
				ENABLE_NS_ASSERTIONS = NO;
				ENABLE_STRICT_OBJC_MSGSEND = YES;
				GCC_C_LANGUAGE_STANDARD = gnu99;
				GCC_WARN_64_TO_32_BIT_CONVERSION = YES;
				GCC_WARN_ABOUT_RETURN_TYPE = YES_ERROR;
				GCC_WARN_UNDECLARED_SELECTOR = YES;
				GCC_WARN_UNINITIALIZED_AUTOS = YES_AGGRESSIVE;
				GCC_WARN_UNUSED_FUNCTION = YES;
				GCC_WARN_UNUSED_VARIABLE = YES;
				IPHONEOS_DEPLOYMENT_TARGET = 8.1;
				MTL_ENABLE_DEBUG_INFO = NO;
				PROVISIONING_PROFILE = "5cb5cf52-6f3b-40b9-a221-3c0d33716284";
				SDKROOT = iphoneos;
				VALIDATE_PRODUCT = YES;
			};
			name = Release;
		};
		260492701AAC360B0005DDA4 /* Debug */ = {
			isa = XCBuildConfiguration;
			buildSettings = {
				ASSETCATALOG_COMPILER_APPICON_NAME = AppIcon;
				CODE_SIGN_IDENTITY = "iPhone Developer";
				FRAMEWORK_SEARCH_PATHS = (
					"$(inherited)",
					"$(PROJECT_DIR)/parse-starter-project-1-4/ParseStarterProject",
					"$(PROJECT_DIR)/parse-starter-project-1-4/ParseSwiftStarterProject",
					"$(PROJECT_DIR)/ParseStarterProject",
					"$(PROJECT_DIR)",
				);
				INFOPLIST_FILE = JaYinet/Info.plist;
				LD_RUNPATH_SEARCH_PATHS = "$(inherited) @executable_path/Frameworks";
				PRODUCT_NAME = "$(TARGET_NAME)";
				PROVISIONING_PROFILE = "5cb5cf52-6f3b-40b9-a221-3c0d33716284";
			};
			name = Debug;
		};
		260492711AAC360B0005DDA4 /* Release */ = {
			isa = XCBuildConfiguration;
			buildSettings = {
				ASSETCATALOG_COMPILER_APPICON_NAME = AppIcon;
				CODE_SIGN_IDENTITY = "iPhone Developer";
				FRAMEWORK_SEARCH_PATHS = (
					"$(inherited)",
					"$(PROJECT_DIR)/parse-starter-project-1-4/ParseStarterProject",
					"$(PROJECT_DIR)/parse-starter-project-1-4/ParseSwiftStarterProject",
					"$(PROJECT_DIR)/ParseStarterProject",
					"$(PROJECT_DIR)",
				);
				INFOPLIST_FILE = JaYinet/Info.plist;
				LD_RUNPATH_SEARCH_PATHS = "$(inherited) @executable_path/Frameworks";
				PRODUCT_NAME = "$(TARGET_NAME)";
				PROVISIONING_PROFILE = "5cb5cf52-6f3b-40b9-a221-3c0d33716284";
			};
			name = Release;
		};
		260492731AAC360C0005DDA4 /* Debug */ = {
			isa = XCBuildConfiguration;
			buildSettings = {
				BUNDLE_LOADER = "$(TEST_HOST)";
				FRAMEWORK_SEARCH_PATHS = (
					"$(SDKROOT)/Developer/Library/Frameworks",
					"$(inherited)",
				);
				GCC_PREPROCESSOR_DEFINITIONS = (
					"DEBUG=1",
					"$(inherited)",
				);
				INFOPLIST_FILE = JaYinetTests/Info.plist;
				LD_RUNPATH_SEARCH_PATHS = "$(inherited) @executable_path/Frameworks @loader_path/Frameworks";
				PRODUCT_NAME = "$(TARGET_NAME)";
				TEST_HOST = "$(BUILT_PRODUCTS_DIR)/JaYinet.app/JaYinet";
			};
			name = Debug;
		};
		260492741AAC360C0005DDA4 /* Release */ = {
			isa = XCBuildConfiguration;
			buildSettings = {
				BUNDLE_LOADER = "$(TEST_HOST)";
				FRAMEWORK_SEARCH_PATHS = (
					"$(SDKROOT)/Developer/Library/Frameworks",
					"$(inherited)",
				);
				INFOPLIST_FILE = JaYinetTests/Info.plist;
				LD_RUNPATH_SEARCH_PATHS = "$(inherited) @executable_path/Frameworks @loader_path/Frameworks";
				PRODUCT_NAME = "$(TARGET_NAME)";
				TEST_HOST = "$(BUILT_PRODUCTS_DIR)/JaYinet.app/JaYinet";
			};
			name = Release;
		};
/* End XCBuildConfiguration section */

/* Begin XCConfigurationList section */
		260492471AAC360B0005DDA4 /* Build configuration list for PBXProject "JaYinet" */ = {
			isa = XCConfigurationList;
			buildConfigurations = (
				2604926D1AAC360B0005DDA4 /* Debug */,
				2604926E1AAC360B0005DDA4 /* Release */,
			);
			defaultConfigurationIsVisible = 0;
			defaultConfigurationName = Release;
		};
		2604926F1AAC360B0005DDA4 /* Build configuration list for PBXNativeTarget "JaYinet" */ = {
			isa = XCConfigurationList;
			buildConfigurations = (
				260492701AAC360B0005DDA4 /* Debug */,
				260492711AAC360B0005DDA4 /* Release */,
			);
			defaultConfigurationIsVisible = 0;
			defaultConfigurationName = Release;
		};
		260492721AAC360C0005DDA4 /* Build configuration list for PBXNativeTarget "JaYinetTests" */ = {
			isa = XCConfigurationList;
			buildConfigurations = (
				260492731AAC360C0005DDA4 /* Debug */,
				260492741AAC360C0005DDA4 /* Release */,
			);
			defaultConfigurationIsVisible = 0;
			defaultConfigurationName = Release;
		};
/* End XCConfigurationList section */
	};
	rootObject = 260492441AAC360B0005DDA4 /* Project object */;
}
